// !$*UTF8*$!
{
	archiveVersion = 1;
	classes = {
	};
	objectVersion = 56;
	objects = {

/* Begin PBXBuildFile section */
		3021817A2943EA00006A174B /* iOS_RnApp.swift in Sources */ = {isa = PBXBuildFile; fileRef = 302181792943EA00006A174B /* iOS_RnApp.swift */; };
		3021817C2943EA00006A174B /* VersionListView.swift in Sources */ = {isa = PBXBuildFile; fileRef = 3021817B2943EA00006A174B /* VersionListView.swift */; };
		3021817E2943EA02006A174B /* Assets.xcassets in Resources */ = {isa = PBXBuildFile; fileRef = 3021817D2943EA02006A174B /* Assets.xcassets */; };
		302181822943EA02006A174B /* Preview Assets.xcassets in Resources */ = {isa = PBXBuildFile; fileRef = 302181812943EA02006A174B /* Preview Assets.xcassets */; };
		30980E322944F1880010EED5 /* ReleaseNoteView.swift in Sources */ = {isa = PBXBuildFile; fileRef = 30980E312944F1880010EED5 /* ReleaseNoteView.swift */; };
		30980E342944F8590010EED5 /* ReleaseNotesViewModel.swift in Sources */ = {isa = PBXBuildFile; fileRef = 30980E332944F8590010EED5 /* ReleaseNotesViewModel.swift */; };
		30F6B1F929447EB8009983C5 /* VersionNotesModel.swift in Sources */ = {isa = PBXBuildFile; fileRef = 30F6B1F829447EB8009983C5 /* VersionNotesModel.swift */; };
		30F6B1FB2944810B009983C5 /* VersionModel.swift in Sources */ = {isa = PBXBuildFile; fileRef = 30F6B1FA2944810B009983C5 /* VersionModel.swift */; };
		30F6B1FE29448ADF009983C5 /* Network.swift in Sources */ = {isa = PBXBuildFile; fileRef = 30F6B1FD29448ADF009983C5 /* Network.swift */; };
		30F6B2002944A4E1009983C5 /* VersionsViewModel.swift in Sources */ = {isa = PBXBuildFile; fileRef = 30F6B1FF2944A4E1009983C5 /* VersionsViewModel.swift */; };
		30F6B2022944B1CC009983C5 /* FetchableProtocol.swift in Sources */ = {isa = PBXBuildFile; fileRef = 30F6B2012944B1CC009983C5 /* FetchableProtocol.swift */; };
		30F6B2072944D3A3009983C5 /* VersionView.swift in Sources */ = {isa = PBXBuildFile; fileRef = 30F6B2062944D3A3009983C5 /* VersionView.swift */; };
/* End PBXBuildFile section */

/* Begin PBXFileReference section */
		302181762943EA00006A174B /* iOS Rn.app */ = {isa = PBXFileReference; explicitFileType = wrapper.application; includeInIndex = 0; path = "iOS Rn.app"; sourceTree = BUILT_PRODUCTS_DIR; };
		302181792943EA00006A174B /* iOS_RnApp.swift */ = {isa = PBXFileReference; lastKnownFileType = sourcecode.swift; path = iOS_RnApp.swift; sourceTree = "<group>"; };
		3021817B2943EA00006A174B /* VersionListView.swift */ = {isa = PBXFileReference; lastKnownFileType = sourcecode.swift; path = VersionListView.swift; sourceTree = "<group>"; };
		3021817D2943EA02006A174B /* Assets.xcassets */ = {isa = PBXFileReference; lastKnownFileType = folder.assetcatalog; path = Assets.xcassets; sourceTree = "<group>"; };
		3021817F2943EA02006A174B /* iOS_Rn.entitlements */ = {isa = PBXFileReference; lastKnownFileType = text.plist.entitlements; path = iOS_Rn.entitlements; sourceTree = "<group>"; };
		302181812943EA02006A174B /* Preview Assets.xcassets */ = {isa = PBXFileReference; lastKnownFileType = folder.assetcatalog; path = "Preview Assets.xcassets"; sourceTree = "<group>"; };
		30980E312944F1880010EED5 /* ReleaseNoteView.swift */ = {isa = PBXFileReference; lastKnownFileType = sourcecode.swift; path = ReleaseNoteView.swift; sourceTree = "<group>"; };
		30980E332944F8590010EED5 /* ReleaseNotesViewModel.swift */ = {isa = PBXFileReference; lastKnownFileType = sourcecode.swift; path = ReleaseNotesViewModel.swift; sourceTree = "<group>"; };
		30F6B1F829447EB8009983C5 /* VersionNotesModel.swift */ = {isa = PBXFileReference; lastKnownFileType = sourcecode.swift; path = VersionNotesModel.swift; sourceTree = "<group>"; };
		30F6B1FA2944810B009983C5 /* VersionModel.swift */ = {isa = PBXFileReference; lastKnownFileType = sourcecode.swift; path = VersionModel.swift; sourceTree = "<group>"; };
		30F6B1FD29448ADF009983C5 /* Network.swift */ = {isa = PBXFileReference; lastKnownFileType = sourcecode.swift; path = Network.swift; sourceTree = "<group>"; };
		30F6B1FF2944A4E1009983C5 /* VersionsViewModel.swift */ = {isa = PBXFileReference; lastKnownFileType = sourcecode.swift; path = VersionsViewModel.swift; sourceTree = "<group>"; };
		30F6B2012944B1CC009983C5 /* FetchableProtocol.swift */ = {isa = PBXFileReference; lastKnownFileType = sourcecode.swift; path = FetchableProtocol.swift; sourceTree = "<group>"; };
		30F6B2062944D3A3009983C5 /* VersionView.swift */ = {isa = PBXFileReference; lastKnownFileType = sourcecode.swift; path = VersionView.swift; sourceTree = "<group>"; };
/* End PBXFileReference section */

/* Begin PBXFrameworksBuildPhase section */
		302181732943EA00006A174B /* Frameworks */ = {
			isa = PBXFrameworksBuildPhase;
			buildActionMask = 2147483647;
			files = (
			);
			runOnlyForDeploymentPostprocessing = 0;
		};
/* End PBXFrameworksBuildPhase section */

/* Begin PBXGroup section */
		3021816D2943EA00006A174B = {
			isa = PBXGroup;
			children = (
				302181782943EA00006A174B /* iOS Rn */,
				302181772943EA00006A174B /* Products */,
			);
			sourceTree = "<group>";
		};
		302181772943EA00006A174B /* Products */ = {
			isa = PBXGroup;
			children = (
				302181762943EA00006A174B /* iOS Rn.app */,
			);
			name = Products;
			sourceTree = "<group>";
		};
		302181782943EA00006A174B /* iOS Rn */ = {
			isa = PBXGroup;
			children = (
				302181792943EA00006A174B /* iOS_RnApp.swift */,
				30F6B1FC29448AC5009983C5 /* Helper */,
				30F6B1F729447C41009983C5 /* ViewModel */,
				30F6B1F629447C32009983C5 /* Model */,
				30F6B1F529447C21009983C5 /* View */,
				3021817D2943EA02006A174B /* Assets.xcassets */,
				3021817F2943EA02006A174B /* iOS_Rn.entitlements */,
				302181802943EA02006A174B /* Preview Content */,
			);
			path = "iOS Rn";
			sourceTree = "<group>";
		};
		302181802943EA02006A174B /* Preview Content */ = {
			isa = PBXGroup;
			children = (
				302181812943EA02006A174B /* Preview Assets.xcassets */,
			);
			path = "Preview Content";
			sourceTree = "<group>";
		};
		30F6B1F529447C21009983C5 /* View */ = {
			isa = PBXGroup;
			children = (
				3021817B2943EA00006A174B /* VersionListView.swift */,
				30F6B2062944D3A3009983C5 /* VersionView.swift */,
				30980E312944F1880010EED5 /* ReleaseNoteView.swift */,
			);
			path = View;
			sourceTree = "<group>";
		};
		30F6B1F629447C32009983C5 /* Model */ = {
			isa = PBXGroup;
			children = (
				30F6B1F829447EB8009983C5 /* VersionNotesModel.swift */,
				30F6B1FA2944810B009983C5 /* VersionModel.swift */,
			);
			path = Model;
			sourceTree = "<group>";
		};
		30F6B1F729447C41009983C5 /* ViewModel */ = {
			isa = PBXGroup;
			children = (
				30980E332944F8590010EED5 /* ReleaseNotesViewModel.swift */,
				30F6B1FF2944A4E1009983C5 /* VersionsViewModel.swift */,
				30F6B2012944B1CC009983C5 /* FetchableProtocol.swift */,
			);
			path = ViewModel;
			sourceTree = "<group>";
		};
		30F6B1FC29448AC5009983C5 /* Helper */ = {
			isa = PBXGroup;
			children = (
				30F6B1FD29448ADF009983C5 /* Network.swift */,
			);
			path = Helper;
			sourceTree = "<group>";
		};
/* End PBXGroup section */

/* Begin PBXNativeTarget section */
		302181752943EA00006A174B /* iOS Rn */ = {
			isa = PBXNativeTarget;
			buildConfigurationList = 302181852943EA02006A174B /* Build configuration list for PBXNativeTarget "iOS Rn" */;
			buildPhases = (
				302181722943EA00006A174B /* Sources */,
				302181732943EA00006A174B /* Frameworks */,
				302181742943EA00006A174B /* Resources */,
			);
			buildRules = (
			);
			dependencies = (
			);
			name = "iOS Rn";
			packageProductDependencies = (
			);
			productName = "iOS Rn";
			productReference = 302181762943EA00006A174B /* iOS Rn.app */;
			productType = "com.apple.product-type.application";
		};
/* End PBXNativeTarget section */

/* Begin PBXProject section */
		3021816E2943EA00006A174B /* Project object */ = {
			isa = PBXProject;
			attributes = {
				BuildIndependentTargetsInParallel = 1;
				LastSwiftUpdateCheck = 1400;
				LastUpgradeCheck = 1400;
				TargetAttributes = {
					302181752943EA00006A174B = {
						CreatedOnToolsVersion = 14.0;
					};
				};
			};
			buildConfigurationList = 302181712943EA00006A174B /* Build configuration list for PBXProject "iOS Rn" */;
			compatibilityVersion = "Xcode 14.0";
			developmentRegion = en;
			hasScannedForEncodings = 0;
			knownRegions = (
				en,
				Base,
			);
			mainGroup = 3021816D2943EA00006A174B;
			packageReferences = (
			);
			productRefGroup = 302181772943EA00006A174B /* Products */;
			projectDirPath = "";
			projectRoot = "";
			targets = (
				302181752943EA00006A174B /* iOS Rn */,
			);
		};
/* End PBXProject section */

/* Begin PBXResourcesBuildPhase section */
		302181742943EA00006A174B /* Resources */ = {
			isa = PBXResourcesBuildPhase;
			buildActionMask = 2147483647;
			files = (
				302181822943EA02006A174B /* Preview Assets.xcassets in Resources */,
				3021817E2943EA02006A174B /* Assets.xcassets in Resources */,
			);
			runOnlyForDeploymentPostprocessing = 0;
		};
/* End PBXResourcesBuildPhase section */

/* Begin PBXSourcesBuildPhase section */
		302181722943EA00006A174B /* Sources */ = {
			isa = PBXSourcesBuildPhase;
			buildActionMask = 2147483647;
			files = (
				30F6B1FE29448ADF009983C5 /* Network.swift in Sources */,
				30F6B2022944B1CC009983C5 /* FetchableProtocol.swift in Sources */,
				30F6B2002944A4E1009983C5 /* VersionsViewModel.swift in Sources */,
				30F6B1FB2944810B009983C5 /* VersionModel.swift in Sources */,
				3021817C2943EA00006A174B /* VersionListView.swift in Sources */,
				30F6B2072944D3A3009983C5 /* VersionView.swift in Sources */,
				30F6B1F929447EB8009983C5 /* VersionNotesModel.swift in Sources */,
				30980E322944F1880010EED5 /* ReleaseNoteView.swift in Sources */,
				30980E342944F8590010EED5 /* ReleaseNotesViewModel.swift in Sources */,
				3021817A2943EA00006A174B /* iOS_RnApp.swift in Sources */,
			);
			runOnlyForDeploymentPostprocessing = 0;
		};
/* End PBXSourcesBuildPhase section */

/* Begin XCBuildConfiguration section */
		302181832943EA02006A174B /* Debug */ = {
			isa = XCBuildConfiguration;
			buildSettings = {
				ALWAYS_SEARCH_USER_PATHS = NO;
				CLANG_ANALYZER_NONNULL = YES;
				CLANG_ANALYZER_NUMBER_OBJECT_CONVERSION = YES_AGGRESSIVE;
				CLANG_CXX_LANGUAGE_STANDARD = "gnu++20";
				CLANG_ENABLE_MODULES = YES;
				CLANG_ENABLE_OBJC_ARC = YES;
				CLANG_ENABLE_OBJC_WEAK = YES;
				CLANG_WARN_BLOCK_CAPTURE_AUTORELEASING = YES;
				CLANG_WARN_BOOL_CONVERSION = YES;
				CLANG_WARN_COMMA = YES;
				CLANG_WARN_CONSTANT_CONVERSION = YES;
				CLANG_WARN_DEPRECATED_OBJC_IMPLEMENTATIONS = YES;
				CLANG_WARN_DIRECT_OBJC_ISA_USAGE = YES_ERROR;
				CLANG_WARN_DOCUMENTATION_COMMENTS = YES;
				CLANG_WARN_EMPTY_BODY = YES;
				CLANG_WARN_ENUM_CONVERSION = YES;
				CLANG_WARN_INFINITE_RECURSION = YES;
				CLANG_WARN_INT_CONVERSION = YES;
				CLANG_WARN_NON_LITERAL_NULL_CONVERSION = YES;
				CLANG_WARN_OBJC_IMPLICIT_RETAIN_SELF = YES;
				CLANG_WARN_OBJC_LITERAL_CONVERSION = YES;
				CLANG_WARN_OBJC_ROOT_CLASS = YES_ERROR;
				CLANG_WARN_QUOTED_INCLUDE_IN_FRAMEWORK_HEADER = YES;
				CLANG_WARN_RANGE_LOOP_ANALYSIS = YES;
				CLANG_WARN_STRICT_PROTOTYPES = YES;
				CLANG_WARN_SUSPICIOUS_MOVE = YES;
				CLANG_WARN_UNGUARDED_AVAILABILITY = YES_AGGRESSIVE;
				CLANG_WARN_UNREACHABLE_CODE = YES;
				CLANG_WARN__DUPLICATE_METHOD_MATCH = YES;
				COPY_PHASE_STRIP = NO;
				DEBUG_INFORMATION_FORMAT = dwarf;
				ENABLE_STRICT_OBJC_MSGSEND = YES;
				ENABLE_TESTABILITY = YES;
				GCC_C_LANGUAGE_STANDARD = gnu11;
				GCC_DYNAMIC_NO_PIC = NO;
				GCC_NO_COMMON_BLOCKS = YES;
				GCC_OPTIMIZATION_LEVEL = 0;
				GCC_PREPROCESSOR_DEFINITIONS = (
					"DEBUG=1",
					"$(inherited)",
				);
				GCC_WARN_64_TO_32_BIT_CONVERSION = YES;
				GCC_WARN_ABOUT_RETURN_TYPE = YES_ERROR;
				GCC_WARN_UNDECLARED_SELECTOR = YES;
				GCC_WARN_UNINITIALIZED_AUTOS = YES_AGGRESSIVE;
				GCC_WARN_UNUSED_FUNCTION = YES;
				GCC_WARN_UNUSED_VARIABLE = YES;
				MTL_ENABLE_DEBUG_INFO = INCLUDE_SOURCE;
				MTL_FAST_MATH = YES;
				ONLY_ACTIVE_ARCH = YES;
				SWIFT_ACTIVE_COMPILATION_CONDITIONS = DEBUG;
				SWIFT_OPTIMIZATION_LEVEL = "-Onone";
			};
			name = Debug;
		};
		302181842943EA02006A174B /* Release */ = {
			isa = XCBuildConfiguration;
			buildSettings = {
				ALWAYS_SEARCH_USER_PATHS = NO;
				CLANG_ANALYZER_NONNULL = YES;
				CLANG_ANALYZER_NUMBER_OBJECT_CONVERSION = YES_AGGRESSIVE;
				CLANG_CXX_LANGUAGE_STANDARD = "gnu++20";
				CLANG_ENABLE_MODULES = YES;
				CLANG_ENABLE_OBJC_ARC = YES;
				CLANG_ENABLE_OBJC_WEAK = YES;
				CLANG_WARN_BLOCK_CAPTURE_AUTORELEASING = YES;
				CLANG_WARN_BOOL_CONVERSION = YES;
				CLANG_WARN_COMMA = YES;
				CLANG_WARN_CONSTANT_CONVERSION = YES;
				CLANG_WARN_DEPRECATED_OBJC_IMPLEMENTATIONS = YES;
				CLANG_WARN_DIRECT_OBJC_ISA_USAGE = YES_ERROR;
				CLANG_WARN_DOCUMENTATION_COMMENTS = YES;
				CLANG_WARN_EMPTY_BODY = YES;
				CLANG_WARN_ENUM_CONVERSION = YES;
				CLANG_WARN_INFINITE_RECURSION = YES;
				CLANG_WARN_INT_CONVERSION = YES;
				CLANG_WARN_NON_LITERAL_NULL_CONVERSION = YES;
				CLANG_WARN_OBJC_IMPLICIT_RETAIN_SELF = YES;
				CLANG_WARN_OBJC_LITERAL_CONVERSION = YES;
				CLANG_WARN_OBJC_ROOT_CLASS = YES_ERROR;
				CLANG_WARN_QUOTED_INCLUDE_IN_FRAMEWORK_HEADER = YES;
				CLANG_WARN_RANGE_LOOP_ANALYSIS = YES;
				CLANG_WARN_STRICT_PROTOTYPES = YES;
				CLANG_WARN_SUSPICIOUS_MOVE = YES;
				CLANG_WARN_UNGUARDED_AVAILABILITY = YES_AGGRESSIVE;
				CLANG_WARN_UNREACHABLE_CODE = YES;
				CLANG_WARN__DUPLICATE_METHOD_MATCH = YES;
				COPY_PHASE_STRIP = NO;
				DEBUG_INFORMATION_FORMAT = "dwarf-with-dsym";
				ENABLE_NS_ASSERTIONS = NO;
				ENABLE_STRICT_OBJC_MSGSEND = YES;
				GCC_C_LANGUAGE_STANDARD = gnu11;
				GCC_NO_COMMON_BLOCKS = YES;
				GCC_WARN_64_TO_32_BIT_CONVERSION = YES;
				GCC_WARN_ABOUT_RETURN_TYPE = YES_ERROR;
				GCC_WARN_UNDECLARED_SELECTOR = YES;
				GCC_WARN_UNINITIALIZED_AUTOS = YES_AGGRESSIVE;
				GCC_WARN_UNUSED_FUNCTION = YES;
				GCC_WARN_UNUSED_VARIABLE = YES;
				MTL_ENABLE_DEBUG_INFO = NO;
				MTL_FAST_MATH = YES;
				SWIFT_COMPILATION_MODE = wholemodule;
				SWIFT_OPTIMIZATION_LEVEL = "-O";
			};
			name = Release;
		};
		302181862943EA02006A174B /* Debug */ = {
			isa = XCBuildConfiguration;
			buildSettings = {
				ASSETCATALOG_COMPILER_APPICON_NAME = AppIcon;
				ASSETCATALOG_COMPILER_GLOBAL_ACCENT_COLOR_NAME = AccentColor;
				CODE_SIGN_ENTITLEMENTS = "iOS Rn/iOS_Rn.entitlements";
				CODE_SIGN_IDENTITY = "Apple Development";
				CODE_SIGN_STYLE = Automatic;
				CURRENT_PROJECT_VERSION = 1;
				DEVELOPMENT_ASSET_PATHS = "\"iOS Rn/Preview Content\"";
				DEVELOPMENT_TEAM = "";
				ENABLE_HARDENED_RUNTIME = YES;
				ENABLE_PREVIEWS = YES;
				GENERATE_INFOPLIST_FILE = YES;
				"INFOPLIST_KEY_UIApplicationSceneManifest_Generation[sdk=iphoneos*]" = YES;
				"INFOPLIST_KEY_UIApplicationSceneManifest_Generation[sdk=iphonesimulator*]" = YES;
				"INFOPLIST_KEY_UIApplicationSupportsIndirectInputEvents[sdk=iphoneos*]" = YES;
				"INFOPLIST_KEY_UIApplicationSupportsIndirectInputEvents[sdk=iphonesimulator*]" = YES;
				"INFOPLIST_KEY_UILaunchScreen_Generation[sdk=iphoneos*]" = YES;
				"INFOPLIST_KEY_UILaunchScreen_Generation[sdk=iphonesimulator*]" = YES;
				"INFOPLIST_KEY_UIStatusBarStyle[sdk=iphoneos*]" = UIStatusBarStyleDefault;
				"INFOPLIST_KEY_UIStatusBarStyle[sdk=iphonesimulator*]" = UIStatusBarStyleDefault;
				INFOPLIST_KEY_UISupportedInterfaceOrientations_iPad = "UIInterfaceOrientationPortrait UIInterfaceOrientationPortraitUpsideDown UIInterfaceOrientationLandscapeLeft UIInterfaceOrientationLandscapeRight";
				INFOPLIST_KEY_UISupportedInterfaceOrientations_iPhone = "UIInterfaceOrientationPortrait UIInterfaceOrientationLandscapeLeft UIInterfaceOrientationLandscapeRight";
				IPHONEOS_DEPLOYMENT_TARGET = 16.0;
				LD_RUNPATH_SEARCH_PATHS = "@executable_path/Frameworks";
				"LD_RUNPATH_SEARCH_PATHS[sdk=macosx*]" = "@executable_path/../Frameworks";
				MACOSX_DEPLOYMENT_TARGET = 12.3;
				MARKETING_VERSION = 1.0;
				PRODUCT_BUNDLE_IDENTIFIER = "com.AliAghamirbabaei.iOS-Rn";
				PRODUCT_NAME = "$(TARGET_NAME)";
				PROVISIONING_PROFILE_SPECIFIER = "";
				SDKROOT = auto;
				SUPPORTED_PLATFORMS = "iphoneos iphonesimulator macosx";
				SWIFT_EMIT_LOC_STRINGS = YES;
				SWIFT_VERSION = 5.0;
				TARGETED_DEVICE_FAMILY = "1,2";
			};
			name = Debug;
		};
		302181872943EA02006A174B /* Release */ = {
			isa = XCBuildConfiguration;
			buildSettings = {
				ASSETCATALOG_COMPILER_APPICON_NAME = AppIcon;
				ASSETCATALOG_COMPILER_GLOBAL_ACCENT_COLOR_NAME = AccentColor;
				CODE_SIGN_ENTITLEMENTS = "iOS Rn/iOS_Rn.entitlements";
				CODE_SIGN_IDENTITY = "Apple Development";
				CODE_SIGN_STYLE = Automatic;
				CURRENT_PROJECT_VERSION = 1;
				DEVELOPMENT_ASSET_PATHS = "\"iOS Rn/Preview Content\"";
				DEVELOPMENT_TEAM = "";
				ENABLE_HARDENED_RUNTIME = YES;
				ENABLE_PREVIEWS = YES;
				GENERATE_INFOPLIST_FILE = YES;
				"INFOPLIST_KEY_UIApplicationSceneManifest_Generation[sdk=iphoneos*]" = YES;
				"INFOPLIST_KEY_UIApplicationSceneManifest_Generation[sdk=iphonesimulator*]" = YES;
				"INFOPLIST_KEY_UIApplicationSupportsIndirectInputEvents[sdk=iphoneos*]" = YES;
				"INFOPLIST_KEY_UIApplicationSupportsIndirectInputEvents[sdk=iphonesimulator*]" = YES;
				"INFOPLIST_KEY_UILaunchScreen_Generation[sdk=iphoneos*]" = YES;
				"INFOPLIST_KEY_UILaunchScreen_Generation[sdk=iphonesimulator*]" = YES;
				"INFOPLIST_KEY_UIStatusBarStyle[sdk=iphoneos*]" = UIStatusBarStyleDefault;
				"INFOPLIST_KEY_UIStatusBarStyle[sdk=iphonesimulator*]" = UIStatusBarStyleDefault;
				INFOPLIST_KEY_UISupportedInterfaceOrientations_iPad = "UIInterfaceOrientationPortrait UIInterfaceOrientationPortraitUpsideDown UIInterfaceOrientationLandscapeLeft UIInterfaceOrientationLandscapeRight";
				INFOPLIST_KEY_UISupportedInterfaceOrientations_iPhone = "UIInterfaceOrientationPortrait UIInterfaceOrientationLandscapeLeft UIInterfaceOrientationLandscapeRight";
				IPHONEOS_DEPLOYMENT_TARGET = 16.0;
				LD_RUNPATH_SEARCH_PATHS = "@executable_path/Frameworks";
				"LD_RUNPATH_SEARCH_PATHS[sdk=macosx*]" = "@executable_path/../Frameworks";
				MACOSX_DEPLOYMENT_TARGET = 12.3;
				MARKETING_VERSION = 1.0;
				PRODUCT_BUNDLE_IDENTIFIER = "com.AliAghamirbabaei.iOS-Rn";
				PRODUCT_NAME = "$(TARGET_NAME)";
				PROVISIONING_PROFILE_SPECIFIER = "";
				SDKROOT = auto;
				SUPPORTED_PLATFORMS = "iphoneos iphonesimulator macosx";
				SWIFT_EMIT_LOC_STRINGS = YES;
				SWIFT_VERSION = 5.0;
				TARGETED_DEVICE_FAMILY = "1,2";
			};
			name = Release;
		};
/* End XCBuildConfiguration section */

/* Begin XCConfigurationList section */
		302181712943EA00006A174B /* Build configuration list for PBXProject "iOS Rn" */ = {
			isa = XCConfigurationList;
			buildConfigurations = (
				302181832943EA02006A174B /* Debug */,
				302181842943EA02006A174B /* Release */,
			);
			defaultConfigurationIsVisible = 0;
			defaultConfigurationName = Release;
		};
		302181852943EA02006A174B /* Build configuration list for PBXNativeTarget "iOS Rn" */ = {
			isa = XCConfigurationList;
			buildConfigurations = (
				302181862943EA02006A174B /* Debug */,
				302181872943EA02006A174B /* Release */,
			);
			defaultConfigurationIsVisible = 0;
			defaultConfigurationName = Release;
		};
/* End XCConfigurationList section */
	};
	rootObject = 3021816E2943EA00006A174B /* Project object */;
}
